
Microsoft Visual Studio Solution File, Format Version 12.00
# Visual Studio Version 16
VisualStudioVersion = 16.0.30907.101
MinimumVisualStudioVersion = 10.0.40219.1
Project("{8BC9CEB8-8B4A-11D0-8D11-00A0C91BC942}") = "exe_1_23", "exe_1_23.vcxproj", "{FB00FFB7-B51F-40C5-A30E-3E0E58C41B61}"
EndProject
Global
	GlobalSection(SolutionConfigurationPlatforms) = preSolution
		Debug|x64 = Debug|x64
		Debug|x86 = Debug|x86
		Release|x64 = Release|x64
		Release|x86 = Release|x86
	EndGlobalSection
	GlobalSection(ProjectConfigurationPlatforms) = postSolution
		{FB00FFB7-B51F-40C5-A30E-3E0E58C41B61}.Debug|x64.ActiveCfg = Debug|x64
		{FB00FFB7-B51F-40C5-A30E-3E0E58C41B61}.Debug|x64.Build.0 = Debug|x64
		{FB00FFB7-B51F-40C5-A30E-3E0E58C41B61}.Debug|x86.ActiveCfg = Debug|Win32
		{FB00FFB7-B51F-40C5-A30E-3E0E58C41B61}.Debug|x86.Build.0 = Debug|Win32
		{FB00FFB7-B51F-40C5-A30E-3E0E58C41B61}.Release|x64.ActiveCfg = Release|x64
		{FB00FFB7-B51F-40C5-A30E-3E0E58C41B61}.Release|x64.Build.0 = Release|x64
		{FB00FFB7-B51F-40C5-A30E-3E0E58C41B61}.Release|x86.ActiveCfg = Release|Win32
		{FB00FFB7-B51F-40C5-A30E-3E0E58C41B61}.Release|x86.Build.0 = Release|Win32
	EndGlobalSection
	GlobalSection(SolutionProperties) = preSolution
		HideSolutionNode = FALSE
	EndGlobalSection
	GlobalSection(ExtensibilityGlobals) = postSolution
		SolutionGuid = {87531BC5-5A20-45FB-94C5-A3096CCB9DF3}
	EndGlobalSection
EndGlobal
