
Microsoft Visual Studio Solution File, Format Version 12.00
# Visual Studio Version 16
VisualStudioVersion = 16.0.30907.101
MinimumVisualStudioVersion = 10.0.40219.1
Project("{8BC9CEB8-8B4A-11D0-8D11-00A0C91BC942}") = "test", "test.vcxproj", "{4C8284F6-8891-4F75-BDD8-DCBEA82C5758}"
EndProject
Global
	GlobalSection(SolutionConfigurationPlatforms) = preSolution
		Debug|x64 = Debug|x64
		Debug|x86 = Debug|x86
		Release|x64 = Release|x64
		Release|x86 = Release|x86
	EndGlobalSection
	GlobalSection(ProjectConfigurationPlatforms) = postSolution
		{4C8284F6-8891-4F75-BDD8-DCBEA82C5758}.Debug|x64.ActiveCfg = Debug|x64
		{4C8284F6-8891-4F75-BDD8-DCBEA82C5758}.Debug|x64.Build.0 = Debug|x64
		{4C8284F6-8891-4F75-BDD8-DCBEA82C5758}.Debug|x86.ActiveCfg = Debug|Win32
		{4C8284F6-8891-4F75-BDD8-DCBEA82C5758}.Debug|x86.Build.0 = Debug|Win32
		{4C8284F6-8891-4F75-BDD8-DCBEA82C5758}.Release|x64.ActiveCfg = Release|x64
		{4C8284F6-8891-4F75-BDD8-DCBEA82C5758}.Release|x64.Build.0 = Release|x64
		{4C8284F6-8891-4F75-BDD8-DCBEA82C5758}.Release|x86.ActiveCfg = Release|Win32
		{4C8284F6-8891-4F75-BDD8-DCBEA82C5758}.Release|x86.Build.0 = Release|Win32
	EndGlobalSection
	GlobalSection(SolutionProperties) = preSolution
		HideSolutionNode = FALSE
	EndGlobalSection
	GlobalSection(ExtensibilityGlobals) = postSolution
		SolutionGuid = {10A1C6F2-A7B2-4EBD-BB48-BEA371F97F17}
	EndGlobalSection
EndGlobal
